
Microsoft Visual Studio Solution File, Format Version 12.00
# Visual Studio Version 16
VisualStudioVersion = 16.0.30413.136
MinimumVisualStudioVersion = 10.0.40219.1
Project("{FAE04EC0-301F-11D3-BF4B-00C04F79EFBC}") = "EjercicioVI", "EjercicioVI\EjercicioVI.csproj", "{48F78F7F-13B3-44C8-928E-44BC4BC86924}"
EndProject
Global
	GlobalSection(SolutionConfigurationPlatforms) = preSolution
		Debug|Any CPU = Debug|Any CPU
		Release|Any CPU = Release|Any CPU
	EndGlobalSection
	GlobalSection(ProjectConfigurationPlatforms) = postSolution
		{48F78F7F-13B3-44C8-928E-44BC4BC86924}.Debug|Any CPU.ActiveCfg = Debug|Any CPU
		{48F78F7F-13B3-44C8-928E-44BC4BC86924}.Debug|Any CPU.Build.0 = Debug|Any CPU
		{48F78F7F-13B3-44C8-928E-44BC4BC86924}.Release|Any CPU.ActiveCfg = Release|Any CPU
		{48F78F7F-13B3-44C8-928E-44BC4BC86924}.Release|Any CPU.Build.0 = Release|Any CPU
	EndGlobalSection
	GlobalSection(SolutionProperties) = preSolution
		HideSolutionNode = FALSE
	EndGlobalSection
	GlobalSection(ExtensibilityGlobals) = postSolution
		SolutionGuid = {D765761C-FA50-4251-8A4C-EE935559E63B}
	EndGlobalSection
EndGlobal
