
Microsoft Visual Studio Solution File, Format Version 12.00
# Visual Studio Version 16
VisualStudioVersion = 16.0.30413.136
MinimumVisualStudioVersion = 10.0.40219.1
Project("{FAE04EC0-301F-11D3-BF4B-00C04F79EFBC}") = "EjercicioV", "EjercicioV\EjercicioV.csproj", "{0B3EB490-9204-4BB0-B4A0-BC99CBCDC72E}"
EndProject
Global
	GlobalSection(SolutionConfigurationPlatforms) = preSolution
		Debug|Any CPU = Debug|Any CPU
		Release|Any CPU = Release|Any CPU
	EndGlobalSection
	GlobalSection(ProjectConfigurationPlatforms) = postSolution
		{0B3EB490-9204-4BB0-B4A0-BC99CBCDC72E}.Debug|Any CPU.ActiveCfg = Debug|Any CPU
		{0B3EB490-9204-4BB0-B4A0-BC99CBCDC72E}.Debug|Any CPU.Build.0 = Debug|Any CPU
		{0B3EB490-9204-4BB0-B4A0-BC99CBCDC72E}.Release|Any CPU.ActiveCfg = Release|Any CPU
		{0B3EB490-9204-4BB0-B4A0-BC99CBCDC72E}.Release|Any CPU.Build.0 = Release|Any CPU
	EndGlobalSection
	GlobalSection(SolutionProperties) = preSolution
		HideSolutionNode = FALSE
	EndGlobalSection
	GlobalSection(ExtensibilityGlobals) = postSolution
		SolutionGuid = {004FA1B6-1A2D-43EC-9153-20F2C624443A}
	EndGlobalSection
EndGlobal
